
Microsoft Visual Studio Solution File, Format Version 12.00
# Visual Studio 15
VisualStudioVersion = 15.0.27703.2042
MinimumVisualStudioVersion = 10.0.40219.1
Project("{FAE04EC0-301F-11D3-BF4B-00C04F79EFBC}") = "EmployeeTracking", "EmployeeTracking\EmployeeTracking.csproj", "{0D7638EA-870F-482E-87AC-5B44F0469807}"
EndProject
Project("{FAE04EC0-301F-11D3-BF4B-00C04F79EFBC}") = "EmployeeTracking.Tests", "EmployeeTracking.Tests\EmployeeTracking.Tests.csproj", "{B860B15D-5D37-450E-92AB-B474FCCA8324}"
EndProject
Project("{FAE04EC0-301F-11D3-BF4B-00C04F79EFBC}") = "EmployeeTracking.Data", "EmployeeTracking.Data\EmployeeTracking.Data.csproj", "{BCA8C8A1-4CF0-426A-8871-939F1499CBFB}"
EndProject
Project("{FAE04EC0-301F-11D3-BF4B-00C04F79EFBC}") = "EmployeeTracking.Core", "EmployeeTracking.Core\EmployeeTracking.Core.csproj", "{BAF5CAC3-53D0-4BF1-8C6D-19D4FAC66FBD}"
EndProject
Global
	GlobalSection(SolutionConfigurationPlatforms) = preSolution
		Debug|Any CPU = Debug|Any CPU
		Release|Any CPU = Release|Any CPU
	EndGlobalSection
	GlobalSection(ProjectConfigurationPlatforms) = postSolution
		{0D7638EA-870F-482E-87AC-5B44F0469807}.Debug|Any CPU.ActiveCfg = Debug|Any CPU
		{0D7638EA-870F-482E-87AC-5B44F0469807}.Debug|Any CPU.Build.0 = Debug|Any CPU
		{0D7638EA-870F-482E-87AC-5B44F0469807}.Release|Any CPU.ActiveCfg = Release|Any CPU
		{0D7638EA-870F-482E-87AC-5B44F0469807}.Release|Any CPU.Build.0 = Release|Any CPU
		{B860B15D-5D37-450E-92AB-B474FCCA8324}.Debug|Any CPU.ActiveCfg = Debug|Any CPU
		{B860B15D-5D37-450E-92AB-B474FCCA8324}.Debug|Any CPU.Build.0 = Debug|Any CPU
		{B860B15D-5D37-450E-92AB-B474FCCA8324}.Release|Any CPU.ActiveCfg = Release|Any CPU
		{B860B15D-5D37-450E-92AB-B474FCCA8324}.Release|Any CPU.Build.0 = Release|Any CPU
		{BCA8C8A1-4CF0-426A-8871-939F1499CBFB}.Debug|Any CPU.ActiveCfg = Debug|Any CPU
		{BCA8C8A1-4CF0-426A-8871-939F1499CBFB}.Debug|Any CPU.Build.0 = Debug|Any CPU
		{BCA8C8A1-4CF0-426A-8871-939F1499CBFB}.Release|Any CPU.ActiveCfg = Release|Any CPU
		{BCA8C8A1-4CF0-426A-8871-939F1499CBFB}.Release|Any CPU.Build.0 = Release|Any CPU
		{BAF5CAC3-53D0-4BF1-8C6D-19D4FAC66FBD}.Debug|Any CPU.ActiveCfg = Debug|Any CPU
		{BAF5CAC3-53D0-4BF1-8C6D-19D4FAC66FBD}.Debug|Any CPU.Build.0 = Debug|Any CPU
		{BAF5CAC3-53D0-4BF1-8C6D-19D4FAC66FBD}.Release|Any CPU.ActiveCfg = Release|Any CPU
		{BAF5CAC3-53D0-4BF1-8C6D-19D4FAC66FBD}.Release|Any CPU.Build.0 = Release|Any CPU
	EndGlobalSection
	GlobalSection(SolutionProperties) = preSolution
		HideSolutionNode = FALSE
	EndGlobalSection
	GlobalSection(ExtensibilityGlobals) = postSolution
		SolutionGuid = {A63AD584-37DE-4946-8EE9-F18A62397595}
	EndGlobalSection
EndGlobal
